
Microsoft Visual Studio Solution File, Format Version 12.00
# Visual Studio Version 16
VisualStudioVersion = 16.0.29123.88
MinimumVisualStudioVersion = 10.0.40219.1
Project("{9A19103F-16F7-4668-BE54-9A1E7A4F7556}") = "CustomerApi", "CustomerApi\CustomerApi.csproj", "{685AC585-E738-4A7F-BE07-03276C437412}"
EndProject
Project("{2150E333-8FDC-42A3-9474-1A3956D46DE8}") = "Solution Items", "Solution Items", "{C88EBD38-5ADD-4609-A65E-7FAD90E1ABAF}"
	ProjectSection(SolutionItems) = preProject
		azure-pipelines.yml = azure-pipelines.yml
		CustomerApi.Deploy\create-terraform-storage.ps1 = CustomerApi.Deploy\create-terraform-storage.ps1
		CustomerApi.Deploy\customer-api.tf = CustomerApi.Deploy\customer-api.tf
	EndProjectSection
EndProject
Project("{9A19103F-16F7-4668-BE54-9A1E7A4F7556}") = "CustomerApi.Business", "CustomerApi.Business\CustomerApi.Business.csproj", "{97EAB9F8-DA1A-4EFE-A9FF-81FF13F876C5}"
EndProject
Project("{9A19103F-16F7-4668-BE54-9A1E7A4F7556}") = "DataRepository.InMemory", "DataRepository.InMemory\DataRepository.InMemory.csproj", "{DF6F7628-60C3-47F0-9E84-EFC05F7C36F1}"
EndProject
Project("{9A19103F-16F7-4668-BE54-9A1E7A4F7556}") = "DataRepository.Cosmos", "DataRepository.Cosmos\DataRepository.Cosmos.csproj", "{833235B3-3002-43A6-9117-1BA52AEDA64F}"
EndProject
Project("{FAE04EC0-301F-11D3-BF4B-00C04F79EFBC}") = "CustomerApi.Tests", "CustomerApi.Tests\CustomerApi.Tests.csproj", "{261ACDDA-4947-4381-8366-343D55822186}"
EndProject
Global
	GlobalSection(SolutionConfigurationPlatforms) = preSolution
		Debug|Any CPU = Debug|Any CPU
		Release|Any CPU = Release|Any CPU
	EndGlobalSection
	GlobalSection(ProjectConfigurationPlatforms) = postSolution
		{685AC585-E738-4A7F-BE07-03276C437412}.Debug|Any CPU.ActiveCfg = Debug|Any CPU
		{685AC585-E738-4A7F-BE07-03276C437412}.Debug|Any CPU.Build.0 = Debug|Any CPU
		{685AC585-E738-4A7F-BE07-03276C437412}.Release|Any CPU.ActiveCfg = Release|Any CPU
		{685AC585-E738-4A7F-BE07-03276C437412}.Release|Any CPU.Build.0 = Release|Any CPU
		{97EAB9F8-DA1A-4EFE-A9FF-81FF13F876C5}.Debug|Any CPU.ActiveCfg = Debug|Any CPU
		{97EAB9F8-DA1A-4EFE-A9FF-81FF13F876C5}.Debug|Any CPU.Build.0 = Debug|Any CPU
		{97EAB9F8-DA1A-4EFE-A9FF-81FF13F876C5}.Release|Any CPU.ActiveCfg = Release|Any CPU
		{97EAB9F8-DA1A-4EFE-A9FF-81FF13F876C5}.Release|Any CPU.Build.0 = Release|Any CPU
		{DF6F7628-60C3-47F0-9E84-EFC05F7C36F1}.Debug|Any CPU.ActiveCfg = Debug|Any CPU
		{DF6F7628-60C3-47F0-9E84-EFC05F7C36F1}.Debug|Any CPU.Build.0 = Debug|Any CPU
		{DF6F7628-60C3-47F0-9E84-EFC05F7C36F1}.Release|Any CPU.ActiveCfg = Release|Any CPU
		{DF6F7628-60C3-47F0-9E84-EFC05F7C36F1}.Release|Any CPU.Build.0 = Release|Any CPU
		{833235B3-3002-43A6-9117-1BA52AEDA64F}.Debug|Any CPU.ActiveCfg = Debug|Any CPU
		{833235B3-3002-43A6-9117-1BA52AEDA64F}.Debug|Any CPU.Build.0 = Debug|Any CPU
		{833235B3-3002-43A6-9117-1BA52AEDA64F}.Release|Any CPU.ActiveCfg = Release|Any CPU
		{833235B3-3002-43A6-9117-1BA52AEDA64F}.Release|Any CPU.Build.0 = Release|Any CPU
		{261ACDDA-4947-4381-8366-343D55822186}.Debug|Any CPU.ActiveCfg = Debug|Any CPU
		{261ACDDA-4947-4381-8366-343D55822186}.Debug|Any CPU.Build.0 = Debug|Any CPU
		{261ACDDA-4947-4381-8366-343D55822186}.Release|Any CPU.ActiveCfg = Release|Any CPU
		{261ACDDA-4947-4381-8366-343D55822186}.Release|Any CPU.Build.0 = Release|Any CPU
	EndGlobalSection
	GlobalSection(SolutionProperties) = preSolution
		HideSolutionNode = FALSE
	EndGlobalSection
	GlobalSection(ExtensibilityGlobals) = postSolution
		SolutionGuid = {454F9A4C-65CA-4117-A622-94800E98B7D1}
	EndGlobalSection
EndGlobal
